
Microsoft Visual Studio Solution File, Format Version 12.00
# Visual Studio Version 16
VisualStudioVersion = 16.0.31402.337
MinimumVisualStudioVersion = 10.0.40219.1
Project("{FAE04EC0-301F-11D3-BF4B-00C04F79EFBC}") = "EquationInterpreter", "EquationInterpreter\EquationInterpreter.csproj", "{D16EFFDD-6303-46B4-91A2-ABD760C177B1}"
EndProject
Project("{FAE04EC0-301F-11D3-BF4B-00C04F79EFBC}") = "EquationInterpreterTests", "EquationInterpreterTests\EquationInterpreterTests.csproj", "{E7743BF1-2F08-4DD2-AC70-3AC65A203C88}"
EndProject
Global
	GlobalSection(SolutionConfigurationPlatforms) = preSolution
		Debug|Any CPU = Debug|Any CPU
		Release|Any CPU = Release|Any CPU
	EndGlobalSection
	GlobalSection(ProjectConfigurationPlatforms) = postSolution
		{D16EFFDD-6303-46B4-91A2-ABD760C177B1}.Debug|Any CPU.ActiveCfg = Debug|Any CPU
		{D16EFFDD-6303-46B4-91A2-ABD760C177B1}.Debug|Any CPU.Build.0 = Debug|Any CPU
		{D16EFFDD-6303-46B4-91A2-ABD760C177B1}.Release|Any CPU.ActiveCfg = Release|Any CPU
		{D16EFFDD-6303-46B4-91A2-ABD760C177B1}.Release|Any CPU.Build.0 = Release|Any CPU
		{E7743BF1-2F08-4DD2-AC70-3AC65A203C88}.Debug|Any CPU.ActiveCfg = Debug|Any CPU
		{E7743BF1-2F08-4DD2-AC70-3AC65A203C88}.Debug|Any CPU.Build.0 = Debug|Any CPU
		{E7743BF1-2F08-4DD2-AC70-3AC65A203C88}.Release|Any CPU.ActiveCfg = Release|Any CPU
		{E7743BF1-2F08-4DD2-AC70-3AC65A203C88}.Release|Any CPU.Build.0 = Release|Any CPU
	EndGlobalSection
	GlobalSection(SolutionProperties) = preSolution
		HideSolutionNode = FALSE
	EndGlobalSection
	GlobalSection(ExtensibilityGlobals) = postSolution
		SolutionGuid = {AFF90CAB-CE0D-4F53-BE6D-28AA8C9595CA}
	EndGlobalSection
EndGlobal
